
Microsoft Visual Studio Solution File, Format Version 12.00
# Visual Studio Version 16
VisualStudioVersion = 16.0.810.16
MinimumVisualStudioVersion = 10.0.40219.1
Project("{FAE04EC0-301F-11D3-BF4B-00C04F79EFBC}") = "eTickets", "eTickets\eTickets.csproj", "{22F3AB49-44E3-4EED-BF69-54453B2047E7}"
EndProject
Global
	GlobalSection(SolutionConfigurationPlatforms) = preSolution
		Debug|Any CPU = Debug|Any CPU
		Release|Any CPU = Release|Any CPU
	EndGlobalSection
	GlobalSection(ProjectConfigurationPlatforms) = postSolution
		{22F3AB49-44E3-4EED-BF69-54453B2047E7}.Debug|Any CPU.ActiveCfg = Debug|Any CPU
		{22F3AB49-44E3-4EED-BF69-54453B2047E7}.Debug|Any CPU.Build.0 = Debug|Any CPU
		{22F3AB49-44E3-4EED-BF69-54453B2047E7}.Release|Any CPU.ActiveCfg = Release|Any CPU
		{22F3AB49-44E3-4EED-BF69-54453B2047E7}.Release|Any CPU.Build.0 = Release|Any CPU
	EndGlobalSection
	GlobalSection(SolutionProperties) = preSolution
		HideSolutionNode = FALSE
	EndGlobalSection
	GlobalSection(ExtensibilityGlobals) = postSolution
		SolutionGuid = {BCEEBCDC-2A18-4D9C-B260-C22B21E646CF}
	EndGlobalSection
EndGlobal
